
Microsoft Visual Studio Solution File, Format Version 12.00
# Visual Studio Version 17
VisualStudioVersion = 17.9.34701.34
MinimumVisualStudioVersion = 10.0.40219.1
Project("{FAE04EC0-301F-11D3-BF4B-00C04F79EFBC}") = "BulkyWeb", "BulkyWeb\BulkyWeb.csproj", "{C8B392F5-6148-47B0-9766-F94EBD8EB5E6}"
EndProject
Global
	GlobalSection(SolutionConfigurationPlatforms) = preSolution
		Debug|Any CPU = Debug|Any CPU
		Release|Any CPU = Release|Any CPU
	EndGlobalSection
	GlobalSection(ProjectConfigurationPlatforms) = postSolution
		{C8B392F5-6148-47B0-9766-F94EBD8EB5E6}.Debug|Any CPU.ActiveCfg = Debug|Any CPU
		{C8B392F5-6148-47B0-9766-F94EBD8EB5E6}.Debug|Any CPU.Build.0 = Debug|Any CPU
		{C8B392F5-6148-47B0-9766-F94EBD8EB5E6}.Release|Any CPU.ActiveCfg = Release|Any CPU
		{C8B392F5-6148-47B0-9766-F94EBD8EB5E6}.Release|Any CPU.Build.0 = Release|Any CPU
	EndGlobalSection
	GlobalSection(SolutionProperties) = preSolution
		HideSolutionNode = FALSE
	EndGlobalSection
	GlobalSection(ExtensibilityGlobals) = postSolution
		SolutionGuid = {CF481524-047D-42A9-8BAB-08FD0DFABC06}
	EndGlobalSection
EndGlobal
